
Microsoft Visual Studio Solution File, Format Version 12.00
# Visual Studio 14
VisualStudioVersion = 14.0.23107.0
MinimumVisualStudioVersion = 10.0.40219.1
Project("{FAE04EC0-301F-11D3-BF4B-00C04F79EFBC}") = "YouTubeFetcher", "YouTubeFetcher\YouTubeFetcher.csproj", "{F33FDA07-E171-4C32-B2AF-FD1570F8C06D}"
EndProject
Project("{FAE04EC0-301F-11D3-BF4B-00C04F79EFBC}") = "YoutubeExtractor", "YoutubeExtractor\YoutubeExtractor.csproj", "{ECDC127F-8DEF-4F99-8300-72C13597339D}"
EndProject
Project("{FAE04EC0-301F-11D3-BF4B-00C04F79EFBC}") = "CommandLineParser", "CommandLineParser\CommandLineParser.csproj", "{5AD8C2D9-57CC-43B3-9260-3DA905B4ADE8}"
EndProject
Global
	GlobalSection(SolutionConfigurationPlatforms) = preSolution
		Debug|Any CPU = Debug|Any CPU
		Release|Any CPU = Release|Any CPU
	EndGlobalSection
	GlobalSection(ProjectConfigurationPlatforms) = postSolution
		{F33FDA07-E171-4C32-B2AF-FD1570F8C06D}.Debug|Any CPU.ActiveCfg = Debug|Any CPU
		{F33FDA07-E171-4C32-B2AF-FD1570F8C06D}.Debug|Any CPU.Build.0 = Debug|Any CPU
		{F33FDA07-E171-4C32-B2AF-FD1570F8C06D}.Release|Any CPU.ActiveCfg = Release|Any CPU
		{F33FDA07-E171-4C32-B2AF-FD1570F8C06D}.Release|Any CPU.Build.0 = Release|Any CPU
		{ECDC127F-8DEF-4F99-8300-72C13597339D}.Debug|Any CPU.ActiveCfg = Debug|Any CPU
		{ECDC127F-8DEF-4F99-8300-72C13597339D}.Debug|Any CPU.Build.0 = Debug|Any CPU
		{ECDC127F-8DEF-4F99-8300-72C13597339D}.Release|Any CPU.ActiveCfg = Release|Any CPU
		{ECDC127F-8DEF-4F99-8300-72C13597339D}.Release|Any CPU.Build.0 = Release|Any CPU
		{5AD8C2D9-57CC-43B3-9260-3DA905B4ADE8}.Debug|Any CPU.ActiveCfg = Debug|Any CPU
		{5AD8C2D9-57CC-43B3-9260-3DA905B4ADE8}.Debug|Any CPU.Build.0 = Debug|Any CPU
		{5AD8C2D9-57CC-43B3-9260-3DA905B4ADE8}.Release|Any CPU.ActiveCfg = Release|Any CPU
		{5AD8C2D9-57CC-43B3-9260-3DA905B4ADE8}.Release|Any CPU.Build.0 = Release|Any CPU
	EndGlobalSection
	GlobalSection(SolutionProperties) = preSolution
		HideSolutionNode = FALSE
	EndGlobalSection
EndGlobal
