
Microsoft Visual Studio Solution File, Format Version 12.00
# Visual Studio 2013
VisualStudioVersion = 12.0.21005.1
MinimumVisualStudioVersion = 10.0.40219.1
Project("{FAE04EC0-301F-11D3-BF4B-00C04F79EFBC}") = "YouTubeFetcher", "YouTubeFetcher\YouTubeFetcher.csproj", "{F33FDA07-E171-4C32-B2AF-FD1570F8C06D}"
EndProject
Project("{FAE04EC0-301F-11D3-BF4B-00C04F79EFBC}") = "YoutubeExtractor", "YoutubeExtractor\YoutubeExtractor.csproj", "{ECDC127F-8DEF-4F99-8300-72C13597339D}"
EndProject
Global
	GlobalSection(TeamFoundationVersionControl) = preSolution
		SccNumberOfProjects = 3
		SccEnterpriseProvider = {4CA58AB2-18FA-4F8D-95D4-32DDF27D184C}
		SccTeamFoundationServer = https://tomlabs.visualstudio.com/defaultcollection
		SccLocalPath0 = .
		SccProjectUniqueName1 = YouTubeFetcher\\YouTubeFetcher.csproj
		SccProjectName1 = YouTubeFetcher
		SccLocalPath1 = YouTubeFetcher
		SccProjectUniqueName2 = YoutubeExtractor\\YoutubeExtractor.csproj
		SccProjectName2 = YoutubeExtractor
		SccLocalPath2 = YoutubeExtractor
	EndGlobalSection
	GlobalSection(SolutionConfigurationPlatforms) = preSolution
		Debug|Any CPU = Debug|Any CPU
		Release|Any CPU = Release|Any CPU
	EndGlobalSection
	GlobalSection(ProjectConfigurationPlatforms) = postSolution
		{F33FDA07-E171-4C32-B2AF-FD1570F8C06D}.Debug|Any CPU.ActiveCfg = Debug|Any CPU
		{F33FDA07-E171-4C32-B2AF-FD1570F8C06D}.Debug|Any CPU.Build.0 = Debug|Any CPU
		{F33FDA07-E171-4C32-B2AF-FD1570F8C06D}.Release|Any CPU.ActiveCfg = Release|Any CPU
		{F33FDA07-E171-4C32-B2AF-FD1570F8C06D}.Release|Any CPU.Build.0 = Release|Any CPU
		{ECDC127F-8DEF-4F99-8300-72C13597339D}.Debug|Any CPU.ActiveCfg = Debug|Any CPU
		{ECDC127F-8DEF-4F99-8300-72C13597339D}.Debug|Any CPU.Build.0 = Debug|Any CPU
		{ECDC127F-8DEF-4F99-8300-72C13597339D}.Release|Any CPU.ActiveCfg = Release|Any CPU
		{ECDC127F-8DEF-4F99-8300-72C13597339D}.Release|Any CPU.Build.0 = Release|Any CPU
	EndGlobalSection
	GlobalSection(SolutionProperties) = preSolution
		HideSolutionNode = FALSE
	EndGlobalSection
EndGlobal
